
Microsoft Visual Studio Solution File, Format Version 12.00
# Visual Studio Version 17
VisualStudioVersion = 17.0.31919.166
MinimumVisualStudioVersion = 10.0.40219.1
Project("{FAE04EC0-301F-11D3-BF4B-00C04F79EFBC}") = "StudnetApp.Android", "StudnetApp\StudnetApp.Android\StudnetApp.Android.csproj", "{31FF5F30-A022-44F6-8CDB-EEFC9ABB7679}"
EndProject
Project("{FAE04EC0-301F-11D3-BF4B-00C04F79EFBC}") = "StudnetApp", "StudnetApp\StudnetApp\StudnetApp.csproj", "{63D7F165-9B80-4C4D-81B8-B5FBF7FD0C42}"
EndProject
Global
	GlobalSection(SolutionConfigurationPlatforms) = preSolution
		Debug|Any CPU = Debug|Any CPU
		Release|Any CPU = Release|Any CPU
	EndGlobalSection
	GlobalSection(ProjectConfigurationPlatforms) = postSolution
		{31FF5F30-A022-44F6-8CDB-EEFC9ABB7679}.Debug|Any CPU.ActiveCfg = Debug|Any CPU
		{31FF5F30-A022-44F6-8CDB-EEFC9ABB7679}.Debug|Any CPU.Build.0 = Debug|Any CPU
		{31FF5F30-A022-44F6-8CDB-EEFC9ABB7679}.Debug|Any CPU.Deploy.0 = Debug|Any CPU
		{31FF5F30-A022-44F6-8CDB-EEFC9ABB7679}.Release|Any CPU.ActiveCfg = Release|Any CPU
		{31FF5F30-A022-44F6-8CDB-EEFC9ABB7679}.Release|Any CPU.Build.0 = Release|Any CPU
		{31FF5F30-A022-44F6-8CDB-EEFC9ABB7679}.Release|Any CPU.Deploy.0 = Release|Any CPU
		{63D7F165-9B80-4C4D-81B8-B5FBF7FD0C42}.Debug|Any CPU.ActiveCfg = Debug|Any CPU
		{63D7F165-9B80-4C4D-81B8-B5FBF7FD0C42}.Debug|Any CPU.Build.0 = Debug|Any CPU
		{63D7F165-9B80-4C4D-81B8-B5FBF7FD0C42}.Debug|Any CPU.Deploy.0 = Debug|Any CPU
		{63D7F165-9B80-4C4D-81B8-B5FBF7FD0C42}.Release|Any CPU.ActiveCfg = Release|Any CPU
		{63D7F165-9B80-4C4D-81B8-B5FBF7FD0C42}.Release|Any CPU.Build.0 = Release|Any CPU
		{63D7F165-9B80-4C4D-81B8-B5FBF7FD0C42}.Release|Any CPU.Deploy.0 = Release|Any CPU
	EndGlobalSection
	GlobalSection(SolutionProperties) = preSolution
		HideSolutionNode = FALSE
	EndGlobalSection
	GlobalSection(ExtensibilityGlobals) = postSolution
		SolutionGuid = {D97A7F4F-C2C2-47A8-B174-8D5F6A625DCD}
	EndGlobalSection
EndGlobal
